
Microsoft Visual Studio Solution File, Format Version 12.00
# Visual Studio Version 17
VisualStudioVersion = 17.14.36616.10
MinimumVisualStudioVersion = 10.0.40219.1
Project("{FAE04EC0-301F-11D3-BF4B-00C04F79EFBC}") = "FitSammen_API", "FitSammen_API\FitSammen_API.csproj", "{01848EFB-EA59-4524-91E6-E1DE0E363DF3}"
EndProject
Project("{2150E333-8FDC-42A3-9474-1A3956D46DE8}") = "FitSammenAPI", "FitSammenAPI", "{02EA681E-C7D8-13C7-8484-4AC65E1B71E8}"
EndProject
Project("{2150E333-8FDC-42A3-9474-1A3956D46DE8}") = "FitSammenWebClient", "FitSammenWebClient", "{3EF43FBC-7ACD-4019-A812-7F9AA73960A1}"
EndProject
Project("{2150E333-8FDC-42A3-9474-1A3956D46DE8}") = "FitSammenDesktopClient", "FitSammenDesktopClient", "{ACF3E4AA-D3B3-4421-9154-A75D8D69060E}"
EndProject
Project("{FAE04EC0-301F-11D3-BF4B-00C04F79EFBC}") = "FitSammenWebClient", "FitSammenWebClient\FitSammenWebClient.csproj", "{CCAF7366-38E1-4A96-A72A-726FC3A6948D}"
EndProject
Project("{FAE04EC0-301F-11D3-BF4B-00C04F79EFBC}") = "FitsammenMVCTests", "FitsammenMVCTests\FitsammenMVCTests.csproj", "{E68BC6EE-E1C4-4DB0-8A8B-C7887EB47D98}"
EndProject
Project("{FAE04EC0-301F-11D3-BF4B-00C04F79EFBC}") = "FitsammenAPITest", "FitsammenAPITest\FitsammenAPITest.csproj", "{8066DB8B-F643-4F63-8F14-65AD5B7A0DA9}"
EndProject
Project("{FAE04EC0-301F-11D3-BF4B-00C04F79EFBC}") = "FitSammenDekstopClient", "FitSammenDekstopClient\FitSammenDekstopClient.csproj", "{20078731-8D97-4E4D-A263-ADE17BBF27C9}"
EndProject
Global
	GlobalSection(SolutionConfigurationPlatforms) = preSolution
		Debug|Any CPU = Debug|Any CPU
		Release|Any CPU = Release|Any CPU
	EndGlobalSection
	GlobalSection(ProjectConfigurationPlatforms) = postSolution
		{01848EFB-EA59-4524-91E6-E1DE0E363DF3}.Debug|Any CPU.ActiveCfg = Debug|Any CPU
		{01848EFB-EA59-4524-91E6-E1DE0E363DF3}.Debug|Any CPU.Build.0 = Debug|Any CPU
		{01848EFB-EA59-4524-91E6-E1DE0E363DF3}.Release|Any CPU.ActiveCfg = Release|Any CPU
		{01848EFB-EA59-4524-91E6-E1DE0E363DF3}.Release|Any CPU.Build.0 = Release|Any CPU
		{CCAF7366-38E1-4A96-A72A-726FC3A6948D}.Debug|Any CPU.ActiveCfg = Debug|Any CPU
		{CCAF7366-38E1-4A96-A72A-726FC3A6948D}.Debug|Any CPU.Build.0 = Debug|Any CPU
		{CCAF7366-38E1-4A96-A72A-726FC3A6948D}.Release|Any CPU.ActiveCfg = Release|Any CPU
		{CCAF7366-38E1-4A96-A72A-726FC3A6948D}.Release|Any CPU.Build.0 = Release|Any CPU
		{E68BC6EE-E1C4-4DB0-8A8B-C7887EB47D98}.Debug|Any CPU.ActiveCfg = Debug|Any CPU
		{E68BC6EE-E1C4-4DB0-8A8B-C7887EB47D98}.Debug|Any CPU.Build.0 = Debug|Any CPU
		{E68BC6EE-E1C4-4DB0-8A8B-C7887EB47D98}.Release|Any CPU.ActiveCfg = Release|Any CPU
		{E68BC6EE-E1C4-4DB0-8A8B-C7887EB47D98}.Release|Any CPU.Build.0 = Release|Any CPU
		{8066DB8B-F643-4F63-8F14-65AD5B7A0DA9}.Debug|Any CPU.ActiveCfg = Debug|Any CPU
		{8066DB8B-F643-4F63-8F14-65AD5B7A0DA9}.Debug|Any CPU.Build.0 = Debug|Any CPU
		{8066DB8B-F643-4F63-8F14-65AD5B7A0DA9}.Release|Any CPU.ActiveCfg = Release|Any CPU
		{8066DB8B-F643-4F63-8F14-65AD5B7A0DA9}.Release|Any CPU.Build.0 = Release|Any CPU
		{20078731-8D97-4E4D-A263-ADE17BBF27C9}.Debug|Any CPU.ActiveCfg = Debug|Any CPU
		{20078731-8D97-4E4D-A263-ADE17BBF27C9}.Debug|Any CPU.Build.0 = Debug|Any CPU
		{20078731-8D97-4E4D-A263-ADE17BBF27C9}.Release|Any CPU.ActiveCfg = Release|Any CPU
		{20078731-8D97-4E4D-A263-ADE17BBF27C9}.Release|Any CPU.Build.0 = Release|Any CPU
	EndGlobalSection
	GlobalSection(SolutionProperties) = preSolution
		HideSolutionNode = FALSE
	EndGlobalSection
	GlobalSection(NestedProjects) = preSolution
		{01848EFB-EA59-4524-91E6-E1DE0E363DF3} = {02EA681E-C7D8-13C7-8484-4AC65E1B71E8}
		{CCAF7366-38E1-4A96-A72A-726FC3A6948D} = {3EF43FBC-7ACD-4019-A812-7F9AA73960A1}
		{E68BC6EE-E1C4-4DB0-8A8B-C7887EB47D98} = {3EF43FBC-7ACD-4019-A812-7F9AA73960A1}
		{8066DB8B-F643-4F63-8F14-65AD5B7A0DA9} = {02EA681E-C7D8-13C7-8484-4AC65E1B71E8}
		{20078731-8D97-4E4D-A263-ADE17BBF27C9} = {ACF3E4AA-D3B3-4421-9154-A75D8D69060E}
	EndGlobalSection
	GlobalSection(ExtensibilityGlobals) = postSolution
		SolutionGuid = {1500AF9B-6C7C-4C67-A4F8-036ABC59E863}
	EndGlobalSection
EndGlobal
