
Microsoft Visual Studio Solution File, Format Version 12.00
# Visual Studio Version 17
VisualStudioVersion = 17.14.36616.10
MinimumVisualStudioVersion = 10.0.40219.1
Project("{FAE04EC0-301F-11D3-BF4B-00C04F79EFBC}") = "FitSammen_WebClient", "FitSammen_WebClient\FitSammen_WebClient.csproj", "{FC038F76-BE09-43F8-9387-897475F3EB7B}"
EndProject
Project("{FAE04EC0-301F-11D3-BF4B-00C04F79EFBC}") = "WebClientTests", "WebClientTests\WebClientTests.csproj", "{0CC93479-A95A-4A46-95F7-B49224F2A700}"
EndProject
Global
	GlobalSection(SolutionConfigurationPlatforms) = preSolution
		Debug|Any CPU = Debug|Any CPU
		Release|Any CPU = Release|Any CPU
	EndGlobalSection
	GlobalSection(ProjectConfigurationPlatforms) = postSolution
		{FC038F76-BE09-43F8-9387-897475F3EB7B}.Debug|Any CPU.ActiveCfg = Debug|Any CPU
		{FC038F76-BE09-43F8-9387-897475F3EB7B}.Debug|Any CPU.Build.0 = Debug|Any CPU
		{FC038F76-BE09-43F8-9387-897475F3EB7B}.Release|Any CPU.ActiveCfg = Release|Any CPU
		{FC038F76-BE09-43F8-9387-897475F3EB7B}.Release|Any CPU.Build.0 = Release|Any CPU
		{0CC93479-A95A-4A46-95F7-B49224F2A700}.Debug|Any CPU.ActiveCfg = Debug|Any CPU
		{0CC93479-A95A-4A46-95F7-B49224F2A700}.Debug|Any CPU.Build.0 = Debug|Any CPU
		{0CC93479-A95A-4A46-95F7-B49224F2A700}.Release|Any CPU.ActiveCfg = Release|Any CPU
		{0CC93479-A95A-4A46-95F7-B49224F2A700}.Release|Any CPU.Build.0 = Release|Any CPU
	EndGlobalSection
	GlobalSection(SolutionProperties) = preSolution
		HideSolutionNode = FALSE
	EndGlobalSection
	GlobalSection(ExtensibilityGlobals) = postSolution
		SolutionGuid = {6281C1FB-2E56-4E4D-A50E-E2525873B986}
	EndGlobalSection
EndGlobal
